// !$*UTF8*$!
{
	archiveVersion = 1;
	classes = {
	};
	objectVersion = 46;
	objects = {

/* Begin PBXBuildFile section */
		E52657B21BE868070085F141 /* AFNetworkActivityIndicatorManager.m in Sources */ = {isa = PBXBuildFile; fileRef = E52657A11BE868070085F141 /* AFNetworkActivityIndicatorManager.m */; };
		E52657B31BE868070085F141 /* UIActivityIndicatorView+AFNetworking.m in Sources */ = {isa = PBXBuildFile; fileRef = E52657A31BE868070085F141 /* UIActivityIndicatorView+AFNetworking.m */; };
		E52657B41BE868070085F141 /* UIAlertView+AFNetworking.m in Sources */ = {isa = PBXBuildFile; fileRef = E52657A51BE868070085F141 /* UIAlertView+AFNetworking.m */; };
		E52657B51BE868070085F141 /* UIButton+AFNetworking.m in Sources */ = {isa = PBXBuildFile; fileRef = E52657A71BE868070085F141 /* UIButton+AFNetworking.m */; };
		E52657B61BE868070085F141 /* UIImageView+AFNetworking.m in Sources */ = {isa = PBXBuildFile; fileRef = E52657AA1BE868070085F141 /* UIImageView+AFNetworking.m */; };
		E52657B71BE868070085F141 /* UIProgressView+AFNetworking.m in Sources */ = {isa = PBXBuildFile; fileRef = E52657AD1BE868070085F141 /* UIProgressView+AFNetworking.m */; };
		E52657B81BE868070085F141 /* UIRefreshControl+AFNetworking.m in Sources */ = {isa = PBXBuildFile; fileRef = E52657AF1BE868070085F141 /* UIRefreshControl+AFNetworking.m */; };
		E52657B91BE868070085F141 /* UIWebView+AFNetworking.m in Sources */ = {isa = PBXBuildFile; fileRef = E52657B11BE868070085F141 /* UIWebView+AFNetworking.m */; };
		E54DB05E1BE6AC9000C15985 /* AppDelegate.swift in Sources */ = {isa = PBXBuildFile; fileRef = E54DB05D1BE6AC9000C15985 /* AppDelegate.swift */; };
		E54DB0601BE6AC9000C15985 /* ViewController.swift in Sources */ = {isa = PBXBuildFile; fileRef = E54DB05F1BE6AC9000C15985 /* ViewController.swift */; };
		E54DB0631BE6AC9000C15985 /* Main.storyboard in Resources */ = {isa = PBXBuildFile; fileRef = E54DB0611BE6AC9000C15985 /* Main.storyboard */; };
		E54DB0651BE6AC9000C15985 /* Assets.xcassets in Resources */ = {isa = PBXBuildFile; fileRef = E54DB0641BE6AC9000C15985 /* Assets.xcassets */; };
		E54DB0681BE6AC9000C15985 /* LaunchScreen.storyboard in Resources */ = {isa = PBXBuildFile; fileRef = E54DB0661BE6AC9000C15985 /* LaunchScreen.storyboard */; };
		E54DB0731BE6AC9100C15985 /* Photo_Search_ExampleTests.swift in Sources */ = {isa = PBXBuildFile; fileRef = E54DB0721BE6AC9100C15985 /* Photo_Search_ExampleTests.swift */; };
		E54DB07E1BE6AC9100C15985 /* Photo_Search_ExampleUITests.swift in Sources */ = {isa = PBXBuildFile; fileRef = E54DB07D1BE6AC9100C15985 /* Photo_Search_ExampleUITests.swift */; };
		E54DB09F1BE6ACCB00C15985 /* AFHTTPRequestOperation.m in Sources */ = {isa = PBXBuildFile; fileRef = E54DB08D1BE6ACCB00C15985 /* AFHTTPRequestOperation.m */; };
		E54DB0A01BE6ACCB00C15985 /* AFHTTPRequestOperationManager.m in Sources */ = {isa = PBXBuildFile; fileRef = E54DB08F1BE6ACCB00C15985 /* AFHTTPRequestOperationManager.m */; };
		E54DB0A11BE6ACCB00C15985 /* AFHTTPSessionManager.m in Sources */ = {isa = PBXBuildFile; fileRef = E54DB0911BE6ACCB00C15985 /* AFHTTPSessionManager.m */; };
		E54DB0A21BE6ACCB00C15985 /* AFNetworkReachabilityManager.m in Sources */ = {isa = PBXBuildFile; fileRef = E54DB0941BE6ACCB00C15985 /* AFNetworkReachabilityManager.m */; };
		E54DB0A31BE6ACCB00C15985 /* AFSecurityPolicy.m in Sources */ = {isa = PBXBuildFile; fileRef = E54DB0961BE6ACCB00C15985 /* AFSecurityPolicy.m */; };
		E54DB0A41BE6ACCB00C15985 /* AFURLConnectionOperation.m in Sources */ = {isa = PBXBuildFile; fileRef = E54DB0981BE6ACCB00C15985 /* AFURLConnectionOperation.m */; };
		E54DB0A51BE6ACCB00C15985 /* AFURLRequestSerialization.m in Sources */ = {isa = PBXBuildFile; fileRef = E54DB09A1BE6ACCB00C15985 /* AFURLRequestSerialization.m */; };
		E54DB0A61BE6ACCB00C15985 /* AFURLResponseSerialization.m in Sources */ = {isa = PBXBuildFile; fileRef = E54DB09C1BE6ACCB00C15985 /* AFURLResponseSerialization.m */; };
		E54DB0A71BE6ACCB00C15985 /* AFURLSessionManager.m in Sources */ = {isa = PBXBuildFile; fileRef = E54DB09E1BE6ACCB00C15985 /* AFURLSessionManager.m */; };
/* End PBXBuildFile section */

/* Begin PBXContainerItemProxy section */
		E54DB06F1BE6AC9100C15985 /* PBXContainerItemProxy */ = {
			isa = PBXContainerItemProxy;
			containerPortal = E54DB0521BE6AC9000C15985 /* Project object */;
			proxyType = 1;
			remoteGlobalIDString = E54DB0591BE6AC9000C15985;
			remoteInfo = "Photo Search Example";
		};
		E54DB07A1BE6AC9100C15985 /* PBXContainerItemProxy */ = {
			isa = PBXContainerItemProxy;
			containerPortal = E54DB0521BE6AC9000C15985 /* Project object */;
			proxyType = 1;
			remoteGlobalIDString = E54DB0591BE6AC9000C15985;
			remoteInfo = "Photo Search Example";
		};
/* End PBXContainerItemProxy section */

/* Begin PBXFileReference section */
		E52657A01BE868070085F141 /* AFNetworkActivityIndicatorManager.h */ = {isa = PBXFileReference; fileEncoding = 4; lastKnownFileType = sourcecode.c.h; path = AFNetworkActivityIndicatorManager.h; sourceTree = "<group>"; };
		E52657A11BE868070085F141 /* AFNetworkActivityIndicatorManager.m */ = {isa = PBXFileReference; fileEncoding = 4; lastKnownFileType = sourcecode.c.objc; path = AFNetworkActivityIndicatorManager.m; sourceTree = "<group>"; };
		E52657A21BE868070085F141 /* UIActivityIndicatorView+AFNetworking.h */ = {isa = PBXFileReference; fileEncoding = 4; lastKnownFileType = sourcecode.c.h; path = "UIActivityIndicatorView+AFNetworking.h"; sourceTree = "<group>"; };
		E52657A31BE868070085F141 /* UIActivityIndicatorView+AFNetworking.m */ = {isa = PBXFileReference; fileEncoding = 4; lastKnownFileType = sourcecode.c.objc; path = "UIActivityIndicatorView+AFNetworking.m"; sourceTree = "<group>"; };
		E52657A41BE868070085F141 /* UIAlertView+AFNetworking.h */ = {isa = PBXFileReference; fileEncoding = 4; lastKnownFileType = sourcecode.c.h; path = "UIAlertView+AFNetworking.h"; sourceTree = "<group>"; };
		E52657A51BE868070085F141 /* UIAlertView+AFNetworking.m */ = {isa = PBXFileReference; fileEncoding = 4; lastKnownFileType = sourcecode.c.objc; path = "UIAlertView+AFNetworking.m"; sourceTree = "<group>"; };
		E52657A61BE868070085F141 /* UIButton+AFNetworking.h */ = {isa = PBXFileReference; fileEncoding = 4; lastKnownFileType = sourcecode.c.h; path = "UIButton+AFNetworking.h"; sourceTree = "<group>"; };
		E52657A71BE868070085F141 /* UIButton+AFNetworking.m */ = {isa = PBXFileReference; fileEncoding = 4; lastKnownFileType = sourcecode.c.objc; path = "UIButton+AFNetworking.m"; sourceTree = "<group>"; };
		E52657A81BE868070085F141 /* UIImage+AFNetworking.h */ = {isa = PBXFileReference; fileEncoding = 4; lastKnownFileType = sourcecode.c.h; path = "UIImage+AFNetworking.h"; sourceTree = "<group>"; };
		E52657A91BE868070085F141 /* UIImageView+AFNetworking.h */ = {isa = PBXFileReference; fileEncoding = 4; lastKnownFileType = sourcecode.c.h; path = "UIImageView+AFNetworking.h"; sourceTree = "<group>"; };
		E52657AA1BE868070085F141 /* UIImageView+AFNetworking.m */ = {isa = PBXFileReference; fileEncoding = 4; lastKnownFileType = sourcecode.c.objc; path = "UIImageView+AFNetworking.m"; sourceTree = "<group>"; };
		E52657AB1BE868070085F141 /* UIKit+AFNetworking.h */ = {isa = PBXFileReference; fileEncoding = 4; lastKnownFileType = sourcecode.c.h; path = "UIKit+AFNetworking.h"; sourceTree = "<group>"; };
		E52657AC1BE868070085F141 /* UIProgressView+AFNetworking.h */ = {isa = PBXFileReference; fileEncoding = 4; lastKnownFileType = sourcecode.c.h; path = "UIProgressView+AFNetworking.h"; sourceTree = "<group>"; };
		E52657AD1BE868070085F141 /* UIProgressView+AFNetworking.m */ = {isa = PBXFileReference; fileEncoding = 4; lastKnownFileType = sourcecode.c.objc; path = "UIProgressView+AFNetworking.m"; sourceTree = "<group>"; };
		E52657AE1BE868070085F141 /* UIRefreshControl+AFNetworking.h */ = {isa = PBXFileReference; fileEncoding = 4; lastKnownFileType = sourcecode.c.h; path = "UIRefreshControl+AFNetworking.h"; sourceTree = "<group>"; };
		E52657AF1BE868070085F141 /* UIRefreshControl+AFNetworking.m */ = {isa = PBXFileReference; fileEncoding = 4; lastKnownFileType = sourcecode.c.objc; path = "UIRefreshControl+AFNetworking.m"; sourceTree = "<group>"; };
		E52657B01BE868070085F141 /* UIWebView+AFNetworking.h */ = {isa = PBXFileReference; fileEncoding = 4; lastKnownFileType = sourcecode.c.h; path = "UIWebView+AFNetworking.h"; sourceTree = "<group>"; };
		E52657B11BE868070085F141 /* UIWebView+AFNetworking.m */ = {isa = PBXFileReference; fileEncoding = 4; lastKnownFileType = sourcecode.c.objc; path = "UIWebView+AFNetworking.m"; sourceTree = "<group>"; };
		E54DB05A1BE6AC9000C15985 /* Photo Search Example.app */ = {isa = PBXFileReference; explicitFileType = wrapper.application; includeInIndex = 0; path = "Photo Search Example.app"; sourceTree = BUILT_PRODUCTS_DIR; };
		E54DB05D1BE6AC9000C15985 /* AppDelegate.swift */ = {isa = PBXFileReference; lastKnownFileType = sourcecode.swift; path = AppDelegate.swift; sourceTree = "<group>"; };
		E54DB05F1BE6AC9000C15985 /* ViewController.swift */ = {isa = PBXFileReference; lastKnownFileType = sourcecode.swift; path = ViewController.swift; sourceTree = "<group>"; };
		E54DB0621BE6AC9000C15985 /* Base */ = {isa = PBXFileReference; lastKnownFileType = file.storyboard; name = Base; path = Base.lproj/Main.storyboard; sourceTree = "<group>"; };
		E54DB0641BE6AC9000C15985 /* Assets.xcassets */ = {isa = PBXFileReference; lastKnownFileType = folder.assetcatalog; path = Assets.xcassets; sourceTree = "<group>"; };
		E54DB0671BE6AC9000C15985 /* Base */ = {isa = PBXFileReference; lastKnownFileType = file.storyboard; name = Base; path = Base.lproj/LaunchScreen.storyboard; sourceTree = "<group>"; };
		E54DB0691BE6AC9000C15985 /* Info.plist */ = {isa = PBXFileReference; lastKnownFileType = text.plist.xml; path = Info.plist; sourceTree = "<group>"; };
		E54DB06E1BE6AC9100C15985 /* Photo Search ExampleTests.xctest */ = {isa = PBXFileReference; explicitFileType = wrapper.cfbundle; includeInIndex = 0; path = "Photo Search ExampleTests.xctest"; sourceTree = BUILT_PRODUCTS_DIR; };
		E54DB0721BE6AC9100C15985 /* Photo_Search_ExampleTests.swift */ = {isa = PBXFileReference; lastKnownFileType = sourcecode.swift; path = Photo_Search_ExampleTests.swift; sourceTree = "<group>"; };
		E54DB0741BE6AC9100C15985 /* Info.plist */ = {isa = PBXFileReference; lastKnownFileType = text.plist.xml; path = Info.plist; sourceTree = "<group>"; };
		E54DB0791BE6AC9100C15985 /* Photo Search ExampleUITests.xctest */ = {isa = PBXFileReference; explicitFileType = wrapper.cfbundle; includeInIndex = 0; path = "Photo Search ExampleUITests.xctest"; sourceTree = BUILT_PRODUCTS_DIR; };
		E54DB07D1BE6AC9100C15985 /* Photo_Search_ExampleUITests.swift */ = {isa = PBXFileReference; lastKnownFileType = sourcecode.swift; path = Photo_Search_ExampleUITests.swift; sourceTree = "<group>"; };
		E54DB07F1BE6AC9100C15985 /* Info.plist */ = {isa = PBXFileReference; lastKnownFileType = text.plist.xml; path = Info.plist; sourceTree = "<group>"; };
		E54DB08C1BE6ACCB00C15985 /* AFHTTPRequestOperation.h */ = {isa = PBXFileReference; fileEncoding = 4; lastKnownFileType = sourcecode.c.h; path = AFHTTPRequestOperation.h; sourceTree = "<group>"; };
		E54DB08D1BE6ACCB00C15985 /* AFHTTPRequestOperation.m */ = {isa = PBXFileReference; fileEncoding = 4; lastKnownFileType = sourcecode.c.objc; path = AFHTTPRequestOperation.m; sourceTree = "<group>"; };
		E54DB08E1BE6ACCB00C15985 /* AFHTTPRequestOperationManager.h */ = {isa = PBXFileReference; fileEncoding = 4; lastKnownFileType = sourcecode.c.h; path = AFHTTPRequestOperationManager.h; sourceTree = "<group>"; };
		E54DB08F1BE6ACCB00C15985 /* AFHTTPRequestOperationManager.m */ = {isa = PBXFileReference; fileEncoding = 4; lastKnownFileType = sourcecode.c.objc; path = AFHTTPRequestOperationManager.m; sourceTree = "<group>"; };
		E54DB0901BE6ACCB00C15985 /* AFHTTPSessionManager.h */ = {isa = PBXFileReference; fileEncoding = 4; lastKnownFileType = sourcecode.c.h; path = AFHTTPSessionManager.h; sourceTree = "<group>"; };
		E54DB0911BE6ACCB00C15985 /* AFHTTPSessionManager.m */ = {isa = PBXFileReference; fileEncoding = 4; lastKnownFileType = sourcecode.c.objc; path = AFHTTPSessionManager.m; sourceTree = "<group>"; };
		E54DB0921BE6ACCB00C15985 /* AFNetworking.h */ = {isa = PBXFileReference; fileEncoding = 4; lastKnownFileType = sourcecode.c.h; path = AFNetworking.h; sourceTree = "<group>"; };
		E54DB0931BE6ACCB00C15985 /* AFNetworkReachabilityManager.h */ = {isa = PBXFileReference; fileEncoding = 4; lastKnownFileType = sourcecode.c.h; path = AFNetworkReachabilityManager.h; sourceTree = "<group>"; };
		E54DB0941BE6ACCB00C15985 /* AFNetworkReachabilityManager.m */ = {isa = PBXFileReference; fileEncoding = 4; lastKnownFileType = sourcecode.c.objc; path = AFNetworkReachabilityManager.m; sourceTree = "<group>"; };
		E54DB0951BE6ACCB00C15985 /* AFSecurityPolicy.h */ = {isa = PBXFileReference; fileEncoding = 4; lastKnownFileType = sourcecode.c.h; path = AFSecurityPolicy.h; sourceTree = "<group>"; };
		E54DB0961BE6ACCB00C15985 /* AFSecurityPolicy.m */ = {isa = PBXFileReference; fileEncoding = 4; lastKnownFileType = sourcecode.c.objc; path = AFSecurityPolicy.m; sourceTree = "<group>"; };
		E54DB0971BE6ACCB00C15985 /* AFURLConnectionOperation.h */ = {isa = PBXFileReference; fileEncoding = 4; lastKnownFileType = sourcecode.c.h; path = AFURLConnectionOperation.h; sourceTree = "<group>"; };
		E54DB0981BE6ACCB00C15985 /* AFURLConnectionOperation.m */ = {isa = PBXFileReference; fileEncoding = 4; lastKnownFileType = sourcecode.c.objc; path = AFURLConnectionOperation.m; sourceTree = "<group>"; };
		E54DB0991BE6ACCB00C15985 /* AFURLRequestSerialization.h */ = {isa = PBXFileReference; fileEncoding = 4; lastKnownFileType = sourcecode.c.h; path = AFURLRequestSerialization.h; sourceTree = "<group>"; };
		E54DB09A1BE6ACCB00C15985 /* AFURLRequestSerialization.m */ = {isa = PBXFileReference; fileEncoding = 4; lastKnownFileType = sourcecode.c.objc; path = AFURLRequestSerialization.m; sourceTree = "<group>"; };
		E54DB09B1BE6ACCB00C15985 /* AFURLResponseSerialization.h */ = {isa = PBXFileReference; fileEncoding = 4; lastKnownFileType = sourcecode.c.h; path = AFURLResponseSerialization.h; sourceTree = "<group>"; };
		E54DB09C1BE6ACCB00C15985 /* AFURLResponseSerialization.m */ = {isa = PBXFileReference; fileEncoding = 4; lastKnownFileType = sourcecode.c.objc; path = AFURLResponseSerialization.m; sourceTree = "<group>"; };
		E54DB09D1BE6ACCB00C15985 /* AFURLSessionManager.h */ = {isa = PBXFileReference; fileEncoding = 4; lastKnownFileType = sourcecode.c.h; path = AFURLSessionManager.h; sourceTree = "<group>"; };
		E54DB09E1BE6ACCB00C15985 /* AFURLSessionManager.m */ = {isa = PBXFileReference; fileEncoding = 4; lastKnownFileType = sourcecode.c.objc; path = AFURLSessionManager.m; sourceTree = "<group>"; };
		E54DB0AC1BE6B9A000C15985 /* bridge.h */ = {isa = PBXFileReference; lastKnownFileType = sourcecode.c.h; path = bridge.h; sourceTree = "<group>"; };
/* End PBXFileReference section */

/* Begin PBXFrameworksBuildPhase section */
		E54DB0571BE6AC9000C15985 /* Frameworks */ = {
			isa = PBXFrameworksBuildPhase;
			buildActionMask = 2147483647;
			files = (
			);
			runOnlyForDeploymentPostprocessing = 0;
		};
		E54DB06B1BE6AC9100C15985 /* Frameworks */ = {
			isa = PBXFrameworksBuildPhase;
			buildActionMask = 2147483647;
			files = (
			);
			runOnlyForDeploymentPostprocessing = 0;
		};
		E54DB0761BE6AC9100C15985 /* Frameworks */ = {
			isa = PBXFrameworksBuildPhase;
			buildActionMask = 2147483647;
			files = (
			);
			runOnlyForDeploymentPostprocessing = 0;
		};
/* End PBXFrameworksBuildPhase section */

/* Begin PBXGroup section */
		E526579F1BE868070085F141 /* UIKit+AFNetworking */ = {
			isa = PBXGroup;
			children = (
				E52657A01BE868070085F141 /* AFNetworkActivityIndicatorManager.h */,
				E52657A11BE868070085F141 /* AFNetworkActivityIndicatorManager.m */,
				E52657A21BE868070085F141 /* UIActivityIndicatorView+AFNetworking.h */,
				E52657A31BE868070085F141 /* UIActivityIndicatorView+AFNetworking.m */,
				E52657A41BE868070085F141 /* UIAlertView+AFNetworking.h */,
				E52657A51BE868070085F141 /* UIAlertView+AFNetworking.m */,
				E52657A61BE868070085F141 /* UIButton+AFNetworking.h */,
				E52657A71BE868070085F141 /* UIButton+AFNetworking.m */,
				E52657A81BE868070085F141 /* UIImage+AFNetworking.h */,
				E52657A91BE868070085F141 /* UIImageView+AFNetworking.h */,
				E52657AA1BE868070085F141 /* UIImageView+AFNetworking.m */,
				E52657AB1BE868070085F141 /* UIKit+AFNetworking.h */,
				E52657AC1BE868070085F141 /* UIProgressView+AFNetworking.h */,
				E52657AD1BE868070085F141 /* UIProgressView+AFNetworking.m */,
				E52657AE1BE868070085F141 /* UIRefreshControl+AFNetworking.h */,
				E52657AF1BE868070085F141 /* UIRefreshControl+AFNetworking.m */,
				E52657B01BE868070085F141 /* UIWebView+AFNetworking.h */,
				E52657B11BE868070085F141 /* UIWebView+AFNetworking.m */,
			);
			path = "UIKit+AFNetworking";
			sourceTree = "<group>";
		};
		E54DB0511BE6AC9000C15985 = {
			isa = PBXGroup;
			children = (
				E54DB05C1BE6AC9000C15985 /* Photo Search Example */,
				E54DB0711BE6AC9100C15985 /* Photo Search ExampleTests */,
				E54DB07C1BE6AC9100C15985 /* Photo Search ExampleUITests */,
				E54DB05B1BE6AC9000C15985 /* Products */,
			);
			sourceTree = "<group>";
		};
		E54DB05B1BE6AC9000C15985 /* Products */ = {
			isa = PBXGroup;
			children = (
				E54DB05A1BE6AC9000C15985 /* Photo Search Example.app */,
				E54DB06E1BE6AC9100C15985 /* Photo Search ExampleTests.xctest */,
				E54DB0791BE6AC9100C15985 /* Photo Search ExampleUITests.xctest */,
			);
			name = Products;
			sourceTree = "<group>";
		};
		E54DB05C1BE6AC9000C15985 /* Photo Search Example */ = {
			isa = PBXGroup;
			children = (
				E54DB0AC1BE6B9A000C15985 /* bridge.h */,
				E526579F1BE868070085F141 /* UIKit+AFNetworking */,
				E54DB08B1BE6ACCB00C15985 /* AFNetworking */,
				E54DB05D1BE6AC9000C15985 /* AppDelegate.swift */,
				E54DB05F1BE6AC9000C15985 /* ViewController.swift */,
				E54DB0611BE6AC9000C15985 /* Main.storyboard */,
				E54DB0641BE6AC9000C15985 /* Assets.xcassets */,
				E54DB0661BE6AC9000C15985 /* LaunchScreen.storyboard */,
				E54DB0691BE6AC9000C15985 /* Info.plist */,
			);
			path = "Photo Search Example";
			sourceTree = "<group>";
		};
		E54DB0711BE6AC9100C15985 /* Photo Search ExampleTests */ = {
			isa = PBXGroup;
			children = (
				E54DB0721BE6AC9100C15985 /* Photo_Search_ExampleTests.swift */,
				E54DB0741BE6AC9100C15985 /* Info.plist */,
			);
			path = "Photo Search ExampleTests";
			sourceTree = "<group>";
		};
		E54DB07C1BE6AC9100C15985 /* Photo Search ExampleUITests */ = {
			isa = PBXGroup;
			children = (
				E54DB07D1BE6AC9100C15985 /* Photo_Search_ExampleUITests.swift */,
				E54DB07F1BE6AC9100C15985 /* Info.plist */,
			);
			path = "Photo Search ExampleUITests";
			sourceTree = "<group>";
		};
		E54DB08B1BE6ACCB00C15985 /* AFNetworking */ = {
			isa = PBXGroup;
			children = (
				E54DB08C1BE6ACCB00C15985 /* AFHTTPRequestOperation.h */,
				E54DB08D1BE6ACCB00C15985 /* AFHTTPRequestOperation.m */,
				E54DB08E1BE6ACCB00C15985 /* AFHTTPRequestOperationManager.h */,
				E54DB08F1BE6ACCB00C15985 /* AFHTTPRequestOperationManager.m */,
				E54DB0901BE6ACCB00C15985 /* AFHTTPSessionManager.h */,
				E54DB0911BE6ACCB00C15985 /* AFHTTPSessionManager.m */,
				E54DB0921BE6ACCB00C15985 /* AFNetworking.h */,
				E54DB0931BE6ACCB00C15985 /* AFNetworkReachabilityManager.h */,
				E54DB0941BE6ACCB00C15985 /* AFNetworkReachabilityManager.m */,
				E54DB0951BE6ACCB00C15985 /* AFSecurityPolicy.h */,
				E54DB0961BE6ACCB00C15985 /* AFSecurityPolicy.m */,
				E54DB0971BE6ACCB00C15985 /* AFURLConnectionOperation.h */,
				E54DB0981BE6ACCB00C15985 /* AFURLConnectionOperation.m */,
				E54DB0991BE6ACCB00C15985 /* AFURLRequestSerialization.h */,
				E54DB09A1BE6ACCB00C15985 /* AFURLRequestSerialization.m */,
				E54DB09B1BE6ACCB00C15985 /* AFURLResponseSerialization.h */,
				E54DB09C1BE6ACCB00C15985 /* AFURLResponseSerialization.m */,
				E54DB09D1BE6ACCB00C15985 /* AFURLSessionManager.h */,
				E54DB09E1BE6ACCB00C15985 /* AFURLSessionManager.m */,
			);
			path = AFNetworking;
			sourceTree = "<group>";
		};
/* End PBXGroup section */

/* Begin PBXNativeTarget section */
		E54DB0591BE6AC9000C15985 /* Photo Search Example */ = {
			isa = PBXNativeTarget;
			buildConfigurationList = E54DB0821BE6AC9100C15985 /* Build configuration list for PBXNativeTarget "Photo Search Example" */;
			buildPhases = (
				E54DB0561BE6AC9000C15985 /* Sources */,
				E54DB0571BE6AC9000C15985 /* Frameworks */,
				E54DB0581BE6AC9000C15985 /* Resources */,
			);
			buildRules = (
			);
			dependencies = (
			);
			name = "Photo Search Example";
			productName = "Photo Search Example";
			productReference = E54DB05A1BE6AC9000C15985 /* Photo Search Example.app */;
			productType = "com.apple.product-type.application";
		};
		E54DB06D1BE6AC9100C15985 /* Photo Search ExampleTests */ = {
			isa = PBXNativeTarget;
			buildConfigurationList = E54DB0851BE6AC9100C15985 /* Build configuration list for PBXNativeTarget "Photo Search ExampleTests" */;
			buildPhases = (
				E54DB06A1BE6AC9100C15985 /* Sources */,
				E54DB06B1BE6AC9100C15985 /* Frameworks */,
				E54DB06C1BE6AC9100C15985 /* Resources */,
			);
			buildRules = (
			);
			dependencies = (
				E54DB0701BE6AC9100C15985 /* PBXTargetDependency */,
			);
			name = "Photo Search ExampleTests";
			productName = "Photo Search ExampleTests";
			productReference = E54DB06E1BE6AC9100C15985 /* Photo Search ExampleTests.xctest */;
			productType = "com.apple.product-type.bundle.unit-test";
		};
		E54DB0781BE6AC9100C15985 /* Photo Search ExampleUITests */ = {
			isa = PBXNativeTarget;
			buildConfigurationList = E54DB0881BE6AC9100C15985 /* Build configuration list for PBXNativeTarget "Photo Search ExampleUITests" */;
			buildPhases = (
				E54DB0751BE6AC9100C15985 /* Sources */,
				E54DB0761BE6AC9100C15985 /* Frameworks */,
				E54DB0771BE6AC9100C15985 /* Resources */,
			);
			buildRules = (
			);
			dependencies = (
				E54DB07B1BE6AC9100C15985 /* PBXTargetDependency */,
			);
			name = "Photo Search ExampleUITests";
			productName = "Photo Search ExampleUITests";
			productReference = E54DB0791BE6AC9100C15985 /* Photo Search ExampleUITests.xctest */;
			productType = "com.apple.product-type.bundle.ui-testing";
		};
/* End PBXNativeTarget section */

/* Begin PBXProject section */
		E54DB0521BE6AC9000C15985 /* Project object */ = {
			isa = PBXProject;
			attributes = {
				LastSwiftUpdateCheck = 0710;
				LastUpgradeCheck = 0710;
				ORGANIZATIONNAME = "Nicholas Looney";
				TargetAttributes = {
					E54DB0591BE6AC9000C15985 = {
						CreatedOnToolsVersion = 7.1;
					};
					E54DB06D1BE6AC9100C15985 = {
						CreatedOnToolsVersion = 7.1;
						TestTargetID = E54DB0591BE6AC9000C15985;
					};
					E54DB0781BE6AC9100C15985 = {
						CreatedOnToolsVersion = 7.1;
						TestTargetID = E54DB0591BE6AC9000C15985;
					};
				};
			};
			buildConfigurationList = E54DB0551BE6AC9000C15985 /* Build configuration list for PBXProject "Photo Search Example" */;
			compatibilityVersion = "Xcode 3.2";
			developmentRegion = English;
			hasScannedForEncodings = 0;
			knownRegions = (
				en,
				Base,
			);
			mainGroup = E54DB0511BE6AC9000C15985;
			productRefGroup = E54DB05B1BE6AC9000C15985 /* Products */;
			projectDirPath = "";
			projectRoot = "";
			targets = (
				E54DB0591BE6AC9000C15985 /* Photo Search Example */,
				E54DB06D1BE6AC9100C15985 /* Photo Search ExampleTests */,
				E54DB0781BE6AC9100C15985 /* Photo Search ExampleUITests */,
			);
		};
/* End PBXProject section */

/* Begin PBXResourcesBuildPhase section */
		E54DB0581BE6AC9000C15985 /* Resources */ = {
			isa = PBXResourcesBuildPhase;
			buildActionMask = 2147483647;
			files = (
				E54DB0681BE6AC9000C15985 /* LaunchScreen.storyboard in Resources */,
				E54DB0651BE6AC9000C15985 /* Assets.xcassets in Resources */,
				E54DB0631BE6AC9000C15985 /* Main.storyboard in Resources */,
			);
			runOnlyForDeploymentPostprocessing = 0;
		};
		E54DB06C1BE6AC9100C15985 /* Resources */ = {
			isa = PBXResourcesBuildPhase;
			buildActionMask = 2147483647;
			files = (
			);
			runOnlyForDeploymentPostprocessing = 0;
		};
		E54DB0771BE6AC9100C15985 /* Resources */ = {
			isa = PBXResourcesBuildPhase;
			buildActionMask = 2147483647;
			files = (
			);
			runOnlyForDeploymentPostprocessing = 0;
		};
/* End PBXResourcesBuildPhase section */

/* Begin PBXSourcesBuildPhase section */
		E54DB0561BE6AC9000C15985 /* Sources */ = {
			isa = PBXSourcesBuildPhase;
			buildActionMask = 2147483647;
			files = (
				E54DB0A51BE6ACCB00C15985 /* AFURLRequestSerialization.m in Sources */,
				E54DB0A41BE6ACCB00C15985 /* AFURLConnectionOperation.m in Sources */,
				E52657B41BE868070085F141 /* UIAlertView+AFNetworking.m in Sources */,
				E54DB0A31BE6ACCB00C15985 /* AFSecurityPolicy.m in Sources */,
				E54DB09F1BE6ACCB00C15985 /* AFHTTPRequestOperation.m in Sources */,
				E54DB0A71BE6ACCB00C15985 /* AFURLSessionManager.m in Sources */,
				E54DB0A61BE6ACCB00C15985 /* AFURLResponseSerialization.m in Sources */,
				E54DB0601BE6AC9000C15985 /* ViewController.swift in Sources */,
				E52657B71BE868070085F141 /* UIProgressView+AFNetworking.m in Sources */,
				E54DB0A11BE6ACCB00C15985 /* AFHTTPSessionManager.m in Sources */,
				E52657B21BE868070085F141 /* AFNetworkActivityIndicatorManager.m in Sources */,
				E54DB0A01BE6ACCB00C15985 /* AFHTTPRequestOperationManager.m in Sources */,
				E52657B61BE868070085F141 /* UIImageView+AFNetworking.m in Sources */,
				E52657B51BE868070085F141 /* UIButton+AFNetworking.m in Sources */,
				E52657B81BE868070085F141 /* UIRefreshControl+AFNetworking.m in Sources */,
				E52657B91BE868070085F141 /* UIWebView+AFNetworking.m in Sources */,
				E54DB0A21BE6ACCB00C15985 /* AFNetworkReachabilityManager.m in Sources */,
				E54DB05E1BE6AC9000C15985 /* AppDelegate.swift in Sources */,
				E52657B31BE868070085F141 /* UIActivityIndicatorView+AFNetworking.m in Sources */,
			);
			runOnlyForDeploymentPostprocessing = 0;
		};
		E54DB06A1BE6AC9100C15985 /* Sources */ = {
			isa = PBXSourcesBuildPhase;
			buildActionMask = 2147483647;
			files = (
				E54DB0731BE6AC9100C15985 /* Photo_Search_ExampleTests.swift in Sources */,
			);
			runOnlyForDeploymentPostprocessing = 0;
		};
		E54DB0751BE6AC9100C15985 /* Sources */ = {
			isa = PBXSourcesBuildPhase;
			buildActionMask = 2147483647;
			files = (
				E54DB07E1BE6AC9100C15985 /* Photo_Search_ExampleUITests.swift in Sources */,
			);
			runOnlyForDeploymentPostprocessing = 0;
		};
/* End PBXSourcesBuildPhase section */

/* Begin PBXTargetDependency section */
		E54DB0701BE6AC9100C15985 /* PBXTargetDependency */ = {
			isa = PBXTargetDependency;
			target = E54DB0591BE6AC9000C15985 /* Photo Search Example */;
			targetProxy = E54DB06F1BE6AC9100C15985 /* PBXContainerItemProxy */;
		};
		E54DB07B1BE6AC9100C15985 /* PBXTargetDependency */ = {
			isa = PBXTargetDependency;
			target = E54DB0591BE6AC9000C15985 /* Photo Search Example */;
			targetProxy = E54DB07A1BE6AC9100C15985 /* PBXContainerItemProxy */;
		};
/* End PBXTargetDependency section */

/* Begin PBXVariantGroup section */
		E54DB0611BE6AC9000C15985 /* Main.storyboard */ = {
			isa = PBXVariantGroup;
			children = (
				E54DB0621BE6AC9000C15985 /* Base */,
			);
			name = Main.storyboard;
			sourceTree = "<group>";
		};
		E54DB0661BE6AC9000C15985 /* LaunchScreen.storyboard */ = {
			isa = PBXVariantGroup;
			children = (
				E54DB0671BE6AC9000C15985 /* Base */,
			);
			name = LaunchScreen.storyboard;
			sourceTree = "<group>";
		};
/* End PBXVariantGroup section */

/* Begin XCBuildConfiguration section */
		E54DB0801BE6AC9100C15985 /* Debug */ = {
			isa = XCBuildConfiguration;
			buildSettings = {
				ALWAYS_SEARCH_USER_PATHS = NO;
				CLANG_CXX_LANGUAGE_STANDARD = "gnu++0x";
				CLANG_CXX_LIBRARY = "libc++";
				CLANG_ENABLE_MODULES = YES;
				CLANG_ENABLE_OBJC_ARC = YES;
				CLANG_WARN_BOOL_CONVERSION = YES;
				CLANG_WARN_CONSTANT_CONVERSION = YES;
				CLANG_WARN_DIRECT_OBJC_ISA_USAGE = YES_ERROR;
				CLANG_WARN_EMPTY_BODY = YES;
				CLANG_WARN_ENUM_CONVERSION = YES;
				CLANG_WARN_INT_CONVERSION = YES;
				CLANG_WARN_OBJC_ROOT_CLASS = YES_ERROR;
				CLANG_WARN_UNREACHABLE_CODE = YES;
				CLANG_WARN__DUPLICATE_METHOD_MATCH = YES;
				"CODE_SIGN_IDENTITY[sdk=iphoneos*]" = "iPhone Developer";
				COPY_PHASE_STRIP = NO;
				DEBUG_INFORMATION_FORMAT = dwarf;
				ENABLE_STRICT_OBJC_MSGSEND = YES;
				ENABLE_TESTABILITY = YES;
				GCC_C_LANGUAGE_STANDARD = gnu99;
				GCC_DYNAMIC_NO_PIC = NO;
				GCC_NO_COMMON_BLOCKS = YES;
				GCC_OPTIMIZATION_LEVEL = 0;
				GCC_PREPROCESSOR_DEFINITIONS = (
					"DEBUG=1",
					"$(inherited)",
				);
				GCC_WARN_64_TO_32_BIT_CONVERSION = YES;
				GCC_WARN_ABOUT_RETURN_TYPE = YES_ERROR;
				GCC_WARN_UNDECLARED_SELECTOR = YES;
				GCC_WARN_UNINITIALIZED_AUTOS = YES_AGGRESSIVE;
				GCC_WARN_UNUSED_FUNCTION = YES;
				GCC_WARN_UNUSED_VARIABLE = YES;
				IPHONEOS_DEPLOYMENT_TARGET = 9.1;
				MTL_ENABLE_DEBUG_INFO = YES;
				ONLY_ACTIVE_ARCH = YES;
				SDKROOT = iphoneos;
				SWIFT_OPTIMIZATION_LEVEL = "-Onone";
				TARGETED_DEVICE_FAMILY = "1,2";
			};
			name = Debug;
		};
		E54DB0811BE6AC9100C15985 /* Release */ = {
			isa = XCBuildConfiguration;
			buildSettings = {
				ALWAYS_SEARCH_USER_PATHS = NO;
				CLANG_CXX_LANGUAGE_STANDARD = "gnu++0x";
				CLANG_CXX_LIBRARY = "libc++";
				CLANG_ENABLE_MODULES = YES;
				CLANG_ENABLE_OBJC_ARC = YES;
				CLANG_WARN_BOOL_CONVERSION = YES;
				CLANG_WARN_CONSTANT_CONVERSION = YES;
				CLANG_WARN_DIRECT_OBJC_ISA_USAGE = YES_ERROR;
				CLANG_WARN_EMPTY_BODY = YES;
				CLANG_WARN_ENUM_CONVERSION = YES;
				CLANG_WARN_INT_CONVERSION = YES;
				CLANG_WARN_OBJC_ROOT_CLASS = YES_ERROR;
				CLANG_WARN_UNREACHABLE_CODE = YES;
				CLANG_WARN__DUPLICATE_METHOD_MATCH = YES;
				"CODE_SIGN_IDENTITY[sdk=iphoneos*]" = "iPhone Developer";
				COPY_PHASE_STRIP = NO;
				DEBUG_INFORMATION_FORMAT = "dwarf-with-dsym";
				ENABLE_NS_ASSERTIONS = NO;
				ENABLE_STRICT_OBJC_MSGSEND = YES;
				GCC_C_LANGUAGE_STANDARD = gnu99;
				GCC_NO_COMMON_BLOCKS = YES;
				GCC_WARN_64_TO_32_BIT_CONVERSION = YES;
				GCC_WARN_ABOUT_RETURN_TYPE = YES_ERROR;
				GCC_WARN_UNDECLARED_SELECTOR = YES;
				GCC_WARN_UNINITIALIZED_AUTOS = YES_AGGRESSIVE;
				GCC_WARN_UNUSED_FUNCTION = YES;
				GCC_WARN_UNUSED_VARIABLE = YES;
				IPHONEOS_DEPLOYMENT_TARGET = 9.1;
				MTL_ENABLE_DEBUG_INFO = NO;
				SDKROOT = iphoneos;
				TARGETED_DEVICE_FAMILY = "1,2";
				VALIDATE_PRODUCT = YES;
			};
			name = Release;
		};
		E54DB0831BE6AC9100C15985 /* Debug */ = {
			isa = XCBuildConfiguration;
			buildSettings = {
				ASSETCATALOG_COMPILER_APPICON_NAME = AppIcon;
				DEFINES_MODULE = YES;
				INFOPLIST_FILE = "Photo Search Example/Info.plist";
				LD_RUNPATH_SEARCH_PATHS = "$(inherited) @executable_path/Frameworks";
				PRODUCT_BUNDLE_IDENTIFIER = "nicholaslooney.Photo-Search-Example";
				PRODUCT_NAME = "$(TARGET_NAME)";
				SWIFT_OBJC_BRIDGING_HEADER = "Photo Search Example/bridge.h";
			};
			name = Debug;
		};
		E54DB0841BE6AC9100C15985 /* Release */ = {
			isa = XCBuildConfiguration;
			buildSettings = {
				ASSETCATALOG_COMPILER_APPICON_NAME = AppIcon;
				DEFINES_MODULE = YES;
				INFOPLIST_FILE = "Photo Search Example/Info.plist";
				LD_RUNPATH_SEARCH_PATHS = "$(inherited) @executable_path/Frameworks";
				PRODUCT_BUNDLE_IDENTIFIER = "nicholaslooney.Photo-Search-Example";
				PRODUCT_NAME = "$(TARGET_NAME)";
				SWIFT_OBJC_BRIDGING_HEADER = "Photo Search Example/bridge.h";
			};
			name = Release;
		};
		E54DB0861BE6AC9100C15985 /* Debug */ = {
			isa = XCBuildConfiguration;
			buildSettings = {
				BUNDLE_LOADER = "$(TEST_HOST)";
				INFOPLIST_FILE = "Photo Search ExampleTests/Info.plist";
				LD_RUNPATH_SEARCH_PATHS = "$(inherited) @executable_path/Frameworks @loader_path/Frameworks";
				PRODUCT_BUNDLE_IDENTIFIER = "nicholaslooney.Photo-Search-ExampleTests";
				PRODUCT_NAME = "$(TARGET_NAME)";
				TEST_HOST = "$(BUILT_PRODUCTS_DIR)/Photo Search Example.app/Photo Search Example";
			};
			name = Debug;
		};
		E54DB0871BE6AC9100C15985 /* Release */ = {
			isa = XCBuildConfiguration;
			buildSettings = {
				BUNDLE_LOADER = "$(TEST_HOST)";
				INFOPLIST_FILE = "Photo Search ExampleTests/Info.plist";
				LD_RUNPATH_SEARCH_PATHS = "$(inherited) @executable_path/Frameworks @loader_path/Frameworks";
				PRODUCT_BUNDLE_IDENTIFIER = "nicholaslooney.Photo-Search-ExampleTests";
				PRODUCT_NAME = "$(TARGET_NAME)";
				TEST_HOST = "$(BUILT_PRODUCTS_DIR)/Photo Search Example.app/Photo Search Example";
			};
			name = Release;
		};
		E54DB0891BE6AC9100C15985 /* Debug */ = {
			isa = XCBuildConfiguration;
			buildSettings = {
				INFOPLIST_FILE = "Photo Search ExampleUITests/Info.plist";
				LD_RUNPATH_SEARCH_PATHS = "$(inherited) @executable_path/Frameworks @loader_path/Frameworks";
				PRODUCT_BUNDLE_IDENTIFIER = "nicholaslooney.Photo-Search-ExampleUITests";
				PRODUCT_NAME = "$(TARGET_NAME)";
				TEST_TARGET_NAME = "Photo Search Example";
				USES_XCTRUNNER = YES;
			};
			name = Debug;
		};
		E54DB08A1BE6AC9100C15985 /* Release */ = {
			isa = XCBuildConfiguration;
			buildSettings = {
				INFOPLIST_FILE = "Photo Search ExampleUITests/Info.plist";
				LD_RUNPATH_SEARCH_PATHS = "$(inherited) @executable_path/Frameworks @loader_path/Frameworks";
				PRODUCT_BUNDLE_IDENTIFIER = "nicholaslooney.Photo-Search-ExampleUITests";
				PRODUCT_NAME = "$(TARGET_NAME)";
				TEST_TARGET_NAME = "Photo Search Example";
				USES_XCTRUNNER = YES;
			};
			name = Release;
		};
/* End XCBuildConfiguration section */

/* Begin XCConfigurationList section */
		E54DB0551BE6AC9000C15985 /* Build configuration list for PBXProject "Photo Search Example" */ = {
			isa = XCConfigurationList;
			buildConfigurations = (
				E54DB0801BE6AC9100C15985 /* Debug */,
				E54DB0811BE6AC9100C15985 /* Release */,
			);
			defaultConfigurationIsVisible = 0;
			defaultConfigurationName = Release;
		};
		E54DB0821BE6AC9100C15985 /* Build configuration list for PBXNativeTarget "Photo Search Example" */ = {
			isa = XCConfigurationList;
			buildConfigurations = (
				E54DB0831BE6AC9100C15985 /* Debug */,
				E54DB0841BE6AC9100C15985 /* Release */,
			);
			defaultConfigurationIsVisible = 0;
			defaultConfigurationName = Release;
		};
		E54DB0851BE6AC9100C15985 /* Build configuration list for PBXNativeTarget "Photo Search ExampleTests" */ = {
			isa = XCConfigurationList;
			buildConfigurations = (
				E54DB0861BE6AC9100C15985 /* Debug */,
				E54DB0871BE6AC9100C15985 /* Release */,
			);
			defaultConfigurationIsVisible = 0;
			defaultConfigurationName = Release;
		};
		E54DB0881BE6AC9100C15985 /* Build configuration list for PBXNativeTarget "Photo Search ExampleUITests" */ = {
			isa = XCConfigurationList;
			buildConfigurations = (
				E54DB0891BE6AC9100C15985 /* Debug */,
				E54DB08A1BE6AC9100C15985 /* Release */,
			);
			defaultConfigurationIsVisible = 0;
			defaultConfigurationName = Release;
		};
/* End XCConfigurationList section */
	};
	rootObject = E54DB0521BE6AC9000C15985 /* Project object */;
}
